// !$*UTF8*$!
{
	archiveVersion = 1;
	classes = {
	};
	objectVersion = 56;
	objects = {

/* Begin PBXBuildFile section */
		8B37DCA02C6CDD7D00824B46 /* AppDelegate.swift in Sources */ = {isa = PBXBuildFile; fileRef = 8B37DC9F2C6CDD7D00824B46 /* AppDelegate.swift */; };
		8B37DCA22C6CDD7D00824B46 /* SceneDelegate.swift in Sources */ = {isa = PBXBuildFile; fileRef = 8B37DCA12C6CDD7D00824B46 /* SceneDelegate.swift */; };
		8B37DCA92C6CDD7E00824B46 /* Assets.xcassets in Resources */ = {isa = PBXBuildFile; fileRef = 8B37DCA82C6CDD7E00824B46 /* Assets.xcassets */; };
		8B37DCAC2C6CDD7E00824B46 /* LaunchScreen.storyboard in Resources */ = {isa = PBXBuildFile; fileRef = 8B37DCAA2C6CDD7E00824B46 /* LaunchScreen.storyboard */; };
		8B37DCB72C6CDD7E00824B46 /* END_iOSTests.swift in Sources */ = {isa = PBXBuildFile; fileRef = 8B37DCB62C6CDD7E00824B46 /* END_iOSTests.swift */; };
		8B37DCC12C6CDD7E00824B46 /* END_iOSUITests.swift in Sources */ = {isa = PBXBuildFile; fileRef = 8B37DCC02C6CDD7E00824B46 /* END_iOSUITests.swift */; };
		8B37DCC32C6CDD7E00824B46 /* END_iOSUITestsLaunchTests.swift in Sources */ = {isa = PBXBuildFile; fileRef = 8B37DCC22C6CDD7E00824B46 /* END_iOSUITestsLaunchTests.swift */; };
		8BE06EF02C6D3E9400FA1D07 /* ListingsFeedViewController.swift in Sources */ = {isa = PBXBuildFile; fileRef = 8BE06EEF2C6D3E9400FA1D07 /* ListingsFeedViewController.swift */; };
		8BE06EF22C6D3E9C00FA1D07 /* ListingsFeed.storyboard in Resources */ = {isa = PBXBuildFile; fileRef = 8BE06EF12C6D3E9C00FA1D07 /* ListingsFeed.storyboard */; };
		8BE06EF52C6D3EEB00FA1D07 /* CoreFeatureLayerPresentationHelpers in Frameworks */ = {isa = PBXBuildFile; productRef = 8BE06EF42C6D3EEB00FA1D07 /* CoreFeatureLayerPresentationHelpers */; };
		8BE06EF72C6D3EEB00FA1D07 /* CoreFoundational in Frameworks */ = {isa = PBXBuildFile; productRef = 8BE06EF62C6D3EEB00FA1D07 /* CoreFoundational */; };
		8BE06EF92C6D3EEB00FA1D07 /* CorePresentation in Frameworks */ = {isa = PBXBuildFile; productRef = 8BE06EF82C6D3EEB00FA1D07 /* CorePresentation */; };
		8BE06EFB2C6D3EEB00FA1D07 /* CoreUIKit in Frameworks */ = {isa = PBXBuildFile; productRef = 8BE06EFA2C6D3EEB00FA1D07 /* CoreUIKit */; };
		8BE06EFD2C6D3EEB00FA1D07 /* ENDListingsFeature in Frameworks */ = {isa = PBXBuildFile; productRef = 8BE06EFC2C6D3EEB00FA1D07 /* ENDListingsFeature */; };
		8BE06EFF2C6D3F9600FA1D07 /* AppLaunchCoordinator.swift in Sources */ = {isa = PBXBuildFile; fileRef = 8BE06EFE2C6D3F9600FA1D07 /* AppLaunchCoordinator.swift */; };
		8BE06F042C6D3FF700FA1D07 /* ListingsCoordinator.swift in Sources */ = {isa = PBXBuildFile; fileRef = 8BE06F032C6D3FF700FA1D07 /* ListingsCoordinator.swift */; };
		8BE06F062C6D40B100FA1D07 /* CoreENDSharedModels in Frameworks */ = {isa = PBXBuildFile; productRef = 8BE06F052C6D40B100FA1D07 /* CoreENDSharedModels */; };
		8BE06F092C6D415800FA1D07 /* ListingsFeedComposer.swift in Sources */ = {isa = PBXBuildFile; fileRef = 8BE06F082C6D415800FA1D07 /* ListingsFeedComposer.swift */; };
/* End PBXBuildFile section */

/* Begin PBXContainerItemProxy section */
		8B37DCB32C6CDD7E00824B46 /* PBXContainerItemProxy */ = {
			isa = PBXContainerItemProxy;
			containerPortal = 8B37DC942C6CDD7D00824B46 /* Project object */;
			proxyType = 1;
			remoteGlobalIDString = 8B37DC9B2C6CDD7D00824B46;
			remoteInfo = "END-iOS";
		};
		8B37DCBD2C6CDD7E00824B46 /* PBXContainerItemProxy */ = {
			isa = PBXContainerItemProxy;
			containerPortal = 8B37DC942C6CDD7D00824B46 /* Project object */;
			proxyType = 1;
			remoteGlobalIDString = 8B37DC9B2C6CDD7D00824B46;
			remoteInfo = "END-iOS";
		};
/* End PBXContainerItemProxy section */

/* Begin PBXFileReference section */
		8B37DC9C2C6CDD7D00824B46 /* END-iOS.app */ = {isa = PBXFileReference; explicitFileType = wrapper.application; includeInIndex = 0; path = "END-iOS.app"; sourceTree = BUILT_PRODUCTS_DIR; };
		8B37DC9F2C6CDD7D00824B46 /* AppDelegate.swift */ = {isa = PBXFileReference; lastKnownFileType = sourcecode.swift; path = AppDelegate.swift; sourceTree = "<group>"; };
		8B37DCA12C6CDD7D00824B46 /* SceneDelegate.swift */ = {isa = PBXFileReference; lastKnownFileType = sourcecode.swift; path = SceneDelegate.swift; sourceTree = "<group>"; };
		8B37DCA82C6CDD7E00824B46 /* Assets.xcassets */ = {isa = PBXFileReference; lastKnownFileType = folder.assetcatalog; path = Assets.xcassets; sourceTree = "<group>"; };
		8B37DCAB2C6CDD7E00824B46 /* Base */ = {isa = PBXFileReference; lastKnownFileType = file.storyboard; name = Base; path = Base.lproj/LaunchScreen.storyboard; sourceTree = "<group>"; };
		8B37DCAD2C6CDD7E00824B46 /* Info.plist */ = {isa = PBXFileReference; lastKnownFileType = text.plist.xml; path = Info.plist; sourceTree = "<group>"; };
		8B37DCB22C6CDD7E00824B46 /* END-iOSTests.xctest */ = {isa = PBXFileReference; explicitFileType = wrapper.cfbundle; includeInIndex = 0; path = "END-iOSTests.xctest"; sourceTree = BUILT_PRODUCTS_DIR; };
		8B37DCB62C6CDD7E00824B46 /* END_iOSTests.swift */ = {isa = PBXFileReference; lastKnownFileType = sourcecode.swift; path = END_iOSTests.swift; sourceTree = "<group>"; };
		8B37DCBC2C6CDD7E00824B46 /* END-iOSUITests.xctest */ = {isa = PBXFileReference; explicitFileType = wrapper.cfbundle; includeInIndex = 0; path = "END-iOSUITests.xctest"; sourceTree = BUILT_PRODUCTS_DIR; };
		8B37DCC02C6CDD7E00824B46 /* END_iOSUITests.swift */ = {isa = PBXFileReference; lastKnownFileType = sourcecode.swift; path = END_iOSUITests.swift; sourceTree = "<group>"; };
		8B37DCC22C6CDD7E00824B46 /* END_iOSUITestsLaunchTests.swift */ = {isa = PBXFileReference; lastKnownFileType = sourcecode.swift; path = END_iOSUITestsLaunchTests.swift; sourceTree = "<group>"; };
		8BE06EEF2C6D3E9400FA1D07 /* ListingsFeedViewController.swift */ = {isa = PBXFileReference; lastKnownFileType = sourcecode.swift; path = ListingsFeedViewController.swift; sourceTree = "<group>"; };
		8BE06EF12C6D3E9C00FA1D07 /* ListingsFeed.storyboard */ = {isa = PBXFileReference; lastKnownFileType = file.storyboard; path = ListingsFeed.storyboard; sourceTree = "<group>"; };
		8BE06EFE2C6D3F9600FA1D07 /* AppLaunchCoordinator.swift */ = {isa = PBXFileReference; lastKnownFileType = sourcecode.swift; path = AppLaunchCoordinator.swift; sourceTree = "<group>"; };
		8BE06F032C6D3FF700FA1D07 /* ListingsCoordinator.swift */ = {isa = PBXFileReference; lastKnownFileType = sourcecode.swift; path = ListingsCoordinator.swift; sourceTree = "<group>"; };
		8BE06F082C6D415800FA1D07 /* ListingsFeedComposer.swift */ = {isa = PBXFileReference; lastKnownFileType = sourcecode.swift; path = ListingsFeedComposer.swift; sourceTree = "<group>"; };
/* End PBXFileReference section */

/* Begin PBXFrameworksBuildPhase section */
		8B37DC992C6CDD7D00824B46 /* Frameworks */ = {
			isa = PBXFrameworksBuildPhase;
			buildActionMask = 2147483647;
			files = (
				8BE06EFB2C6D3EEB00FA1D07 /* CoreUIKit in Frameworks */,
				8BE06EF52C6D3EEB00FA1D07 /* CoreFeatureLayerPresentationHelpers in Frameworks */,
				8BE06F062C6D40B100FA1D07 /* CoreENDSharedModels in Frameworks */,
				8BE06EF72C6D3EEB00FA1D07 /* CoreFoundational in Frameworks */,
				8BE06EFD2C6D3EEB00FA1D07 /* ENDListingsFeature in Frameworks */,
				8BE06EF92C6D3EEB00FA1D07 /* CorePresentation in Frameworks */,
			);
			runOnlyForDeploymentPostprocessing = 0;
		};
		8B37DCAF2C6CDD7E00824B46 /* Frameworks */ = {
			isa = PBXFrameworksBuildPhase;
			buildActionMask = 2147483647;
			files = (
			);
			runOnlyForDeploymentPostprocessing = 0;
		};
		8B37DCB92C6CDD7E00824B46 /* Frameworks */ = {
			isa = PBXFrameworksBuildPhase;
			buildActionMask = 2147483647;
			files = (
			);
			runOnlyForDeploymentPostprocessing = 0;
		};
/* End PBXFrameworksBuildPhase section */

/* Begin PBXGroup section */
		8B37DC932C6CDD7D00824B46 = {
			isa = PBXGroup;
			children = (
				8B37DC9E2C6CDD7D00824B46 /* END-iOS */,
				8B37DCB52C6CDD7E00824B46 /* END-iOSTests */,
				8B37DCBF2C6CDD7E00824B46 /* END-iOSUITests */,
				8B37DC9D2C6CDD7D00824B46 /* Products */,
				8BE06EF32C6D3EEB00FA1D07 /* Frameworks */,
			);
			sourceTree = "<group>";
		};
		8B37DC9D2C6CDD7D00824B46 /* Products */ = {
			isa = PBXGroup;
			children = (
				8B37DC9C2C6CDD7D00824B46 /* END-iOS.app */,
				8B37DCB22C6CDD7E00824B46 /* END-iOSTests.xctest */,
				8B37DCBC2C6CDD7E00824B46 /* END-iOSUITests.xctest */,
			);
			name = Products;
			sourceTree = "<group>";
		};
		8B37DC9E2C6CDD7D00824B46 /* END-iOS */ = {
			isa = PBXGroup;
			children = (
				8BE06EED2C6D3E2100FA1D07 /* Feature UI */,
				8BE06EEC2C6D3E0A00FA1D07 /* Utilities */,
				8BE06EEB2C6D3E0100FA1D07 /* App Set Up */,
				8BE06EEA2C6D3DFB00FA1D07 /* Launch */,
				8B37DCAD2C6CDD7E00824B46 /* Info.plist */,
			);
			path = "END-iOS";
			sourceTree = "<group>";
		};
		8B37DCB52C6CDD7E00824B46 /* END-iOSTests */ = {
			isa = PBXGroup;
			children = (
				8B37DCB62C6CDD7E00824B46 /* END_iOSTests.swift */,
			);
			path = "END-iOSTests";
			sourceTree = "<group>";
		};
		8B37DCBF2C6CDD7E00824B46 /* END-iOSUITests */ = {
			isa = PBXGroup;
			children = (
				8B37DCC02C6CDD7E00824B46 /* END_iOSUITests.swift */,
				8B37DCC22C6CDD7E00824B46 /* END_iOSUITestsLaunchTests.swift */,
			);
			path = "END-iOSUITests";
			sourceTree = "<group>";
		};
		8BE06EEA2C6D3DFB00FA1D07 /* Launch */ = {
			isa = PBXGroup;
			children = (
				8B37DCAA2C6CDD7E00824B46 /* LaunchScreen.storyboard */,
				8BE06EFE2C6D3F9600FA1D07 /* AppLaunchCoordinator.swift */,
			);
			path = Launch;
			sourceTree = "<group>";
		};
		8BE06EEB2C6D3E0100FA1D07 /* App Set Up */ = {
			isa = PBXGroup;
			children = (
				8B37DC9F2C6CDD7D00824B46 /* AppDelegate.swift */,
				8B37DCA12C6CDD7D00824B46 /* SceneDelegate.swift */,
			);
			path = "App Set Up";
			sourceTree = "<group>";
		};
		8BE06EEC2C6D3E0A00FA1D07 /* Utilities */ = {
			isa = PBXGroup;
			children = (
				8B37DCA82C6CDD7E00824B46 /* Assets.xcassets */,
			);
			path = Utilities;
			sourceTree = "<group>";
		};
		8BE06EED2C6D3E2100FA1D07 /* Feature UI */ = {
			isa = PBXGroup;
			children = (
				8BE06EEE2C6D3E2600FA1D07 /* Listings Feed */,
			);
			path = "Feature UI";
			sourceTree = "<group>";
		};
		8BE06EEE2C6D3E2600FA1D07 /* Listings Feed */ = {
			isa = PBXGroup;
			children = (
				8BE06F002C6D3FDE00FA1D07 /* View */,
			);
			path = "Listings Feed";
			sourceTree = "<group>";
		};
		8BE06EF32C6D3EEB00FA1D07 /* Frameworks */ = {
			isa = PBXGroup;
			children = (
			);
			name = Frameworks;
			sourceTree = "<group>";
		};
		8BE06F002C6D3FDE00FA1D07 /* View */ = {
			isa = PBXGroup;
			children = (
				8BE06F072C6D414A00FA1D07 /* Composer */,
				8BE06F022C6D3FEB00FA1D07 /* Coordinator */,
				8BE06F012C6D3FE200FA1D07 /* Feed */,
			);
			path = View;
			sourceTree = "<group>";
		};
		8BE06F012C6D3FE200FA1D07 /* Feed */ = {
			isa = PBXGroup;
			children = (
				8BE06EF12C6D3E9C00FA1D07 /* ListingsFeed.storyboard */,
				8BE06EEF2C6D3E9400FA1D07 /* ListingsFeedViewController.swift */,
			);
			path = Feed;
			sourceTree = "<group>";
		};
		8BE06F022C6D3FEB00FA1D07 /* Coordinator */ = {
			isa = PBXGroup;
			children = (
				8BE06F032C6D3FF700FA1D07 /* ListingsCoordinator.swift */,
			);
			path = Coordinator;
			sourceTree = "<group>";
		};
		8BE06F072C6D414A00FA1D07 /* Composer */ = {
			isa = PBXGroup;
			children = (
				8BE06F082C6D415800FA1D07 /* ListingsFeedComposer.swift */,
			);
			path = Composer;
			sourceTree = "<group>";
		};
/* End PBXGroup section */

/* Begin PBXNativeTarget section */
		8B37DC9B2C6CDD7D00824B46 /* END-iOS */ = {
			isa = PBXNativeTarget;
			buildConfigurationList = 8B37DCC62C6CDD7E00824B46 /* Build configuration list for PBXNativeTarget "END-iOS" */;
			buildPhases = (
				8B37DC982C6CDD7D00824B46 /* Sources */,
				8B37DC992C6CDD7D00824B46 /* Frameworks */,
				8B37DC9A2C6CDD7D00824B46 /* Resources */,
			);
			buildRules = (
			);
			dependencies = (
			);
			name = "END-iOS";
			packageProductDependencies = (
				8BE06EF42C6D3EEB00FA1D07 /* CoreFeatureLayerPresentationHelpers */,
				8BE06EF62C6D3EEB00FA1D07 /* CoreFoundational */,
				8BE06EF82C6D3EEB00FA1D07 /* CorePresentation */,
				8BE06EFA2C6D3EEB00FA1D07 /* CoreUIKit */,
				8BE06EFC2C6D3EEB00FA1D07 /* ENDListingsFeature */,
				8BE06F052C6D40B100FA1D07 /* CoreENDSharedModels */,
			);
			productName = "END-iOS";
			productReference = 8B37DC9C2C6CDD7D00824B46 /* END-iOS.app */;
			productType = "com.apple.product-type.application";
		};
		8B37DCB12C6CDD7E00824B46 /* END-iOSTests */ = {
			isa = PBXNativeTarget;
			buildConfigurationList = 8B37DCC92C6CDD7E00824B46 /* Build configuration list for PBXNativeTarget "END-iOSTests" */;
			buildPhases = (
				8B37DCAE2C6CDD7E00824B46 /* Sources */,
				8B37DCAF2C6CDD7E00824B46 /* Frameworks */,
				8B37DCB02C6CDD7E00824B46 /* Resources */,
			);
			buildRules = (
			);
			dependencies = (
				8B37DCB42C6CDD7E00824B46 /* PBXTargetDependency */,
			);
			name = "END-iOSTests";
			productName = "END-iOSTests";
			productReference = 8B37DCB22C6CDD7E00824B46 /* END-iOSTests.xctest */;
			productType = "com.apple.product-type.bundle.unit-test";
		};
		8B37DCBB2C6CDD7E00824B46 /* END-iOSUITests */ = {
			isa = PBXNativeTarget;
			buildConfigurationList = 8B37DCCC2C6CDD7E00824B46 /* Build configuration list for PBXNativeTarget "END-iOSUITests" */;
			buildPhases = (
				8B37DCB82C6CDD7E00824B46 /* Sources */,
				8B37DCB92C6CDD7E00824B46 /* Frameworks */,
				8B37DCBA2C6CDD7E00824B46 /* Resources */,
			);
			buildRules = (
			);
			dependencies = (
				8B37DCBE2C6CDD7E00824B46 /* PBXTargetDependency */,
			);
			name = "END-iOSUITests";
			productName = "END-iOSUITests";
			productReference = 8B37DCBC2C6CDD7E00824B46 /* END-iOSUITests.xctest */;
			productType = "com.apple.product-type.bundle.ui-testing";
		};
/* End PBXNativeTarget section */

/* Begin PBXProject section */
		8B37DC942C6CDD7D00824B46 /* Project object */ = {
			isa = PBXProject;
			attributes = {
				BuildIndependentTargetsInParallel = 1;
				LastSwiftUpdateCheck = 1500;
				LastUpgradeCheck = 1500;
				TargetAttributes = {
					8B37DC9B2C6CDD7D00824B46 = {
						CreatedOnToolsVersion = 15.0;
					};
					8B37DCB12C6CDD7E00824B46 = {
						CreatedOnToolsVersion = 15.0;
						TestTargetID = 8B37DC9B2C6CDD7D00824B46;
					};
					8B37DCBB2C6CDD7E00824B46 = {
						CreatedOnToolsVersion = 15.0;
						TestTargetID = 8B37DC9B2C6CDD7D00824B46;
					};
				};
			};
			buildConfigurationList = 8B37DC972C6CDD7D00824B46 /* Build configuration list for PBXProject "END-iOS" */;
			compatibilityVersion = "Xcode 14.0";
			developmentRegion = en;
			hasScannedForEncodings = 0;
			knownRegions = (
				en,
				Base,
			);
			mainGroup = 8B37DC932C6CDD7D00824B46;
			productRefGroup = 8B37DC9D2C6CDD7D00824B46 /* Products */;
			projectDirPath = "";
			projectRoot = "";
			targets = (
				8B37DC9B2C6CDD7D00824B46 /* END-iOS */,
				8B37DCB12C6CDD7E00824B46 /* END-iOSTests */,
				8B37DCBB2C6CDD7E00824B46 /* END-iOSUITests */,
			);
		};
/* End PBXProject section */

/* Begin PBXResourcesBuildPhase section */
		8B37DC9A2C6CDD7D00824B46 /* Resources */ = {
			isa = PBXResourcesBuildPhase;
			buildActionMask = 2147483647;
			files = (
				8B37DCAC2C6CDD7E00824B46 /* LaunchScreen.storyboard in Resources */,
				8B37DCA92C6CDD7E00824B46 /* Assets.xcassets in Resources */,
				8BE06EF22C6D3E9C00FA1D07 /* ListingsFeed.storyboard in Resources */,
			);
			runOnlyForDeploymentPostprocessing = 0;
		};
		8B37DCB02C6CDD7E00824B46 /* Resources */ = {
			isa = PBXResourcesBuildPhase;
			buildActionMask = 2147483647;
			files = (
			);
			runOnlyForDeploymentPostprocessing = 0;
		};
		8B37DCBA2C6CDD7E00824B46 /* Resources */ = {
			isa = PBXResourcesBuildPhase;
			buildActionMask = 2147483647;
			files = (
			);
			runOnlyForDeploymentPostprocessing = 0;
		};
/* End PBXResourcesBuildPhase section */

/* Begin PBXSourcesBuildPhase section */
		8B37DC982C6CDD7D00824B46 /* Sources */ = {
			isa = PBXSourcesBuildPhase;
			buildActionMask = 2147483647;
			files = (
				8B37DCA02C6CDD7D00824B46 /* AppDelegate.swift in Sources */,
				8BE06EF02C6D3E9400FA1D07 /* ListingsFeedViewController.swift in Sources */,
				8BE06F042C6D3FF700FA1D07 /* ListingsCoordinator.swift in Sources */,
				8BE06EFF2C6D3F9600FA1D07 /* AppLaunchCoordinator.swift in Sources */,
				8B37DCA22C6CDD7D00824B46 /* SceneDelegate.swift in Sources */,
				8BE06F092C6D415800FA1D07 /* ListingsFeedComposer.swift in Sources */,
			);
			runOnlyForDeploymentPostprocessing = 0;
		};
		8B37DCAE2C6CDD7E00824B46 /* Sources */ = {
			isa = PBXSourcesBuildPhase;
			buildActionMask = 2147483647;
			files = (
				8B37DCB72C6CDD7E00824B46 /* END_iOSTests.swift in Sources */,
			);
			runOnlyForDeploymentPostprocessing = 0;
		};
		8B37DCB82C6CDD7E00824B46 /* Sources */ = {
			isa = PBXSourcesBuildPhase;
			buildActionMask = 2147483647;
			files = (
				8B37DCC32C6CDD7E00824B46 /* END_iOSUITestsLaunchTests.swift in Sources */,
				8B37DCC12C6CDD7E00824B46 /* END_iOSUITests.swift in Sources */,
			);
			runOnlyForDeploymentPostprocessing = 0;
		};
/* End PBXSourcesBuildPhase section */

/* Begin PBXTargetDependency section */
		8B37DCB42C6CDD7E00824B46 /* PBXTargetDependency */ = {
			isa = PBXTargetDependency;
			target = 8B37DC9B2C6CDD7D00824B46 /* END-iOS */;
			targetProxy = 8B37DCB32C6CDD7E00824B46 /* PBXContainerItemProxy */;
		};
		8B37DCBE2C6CDD7E00824B46 /* PBXTargetDependency */ = {
			isa = PBXTargetDependency;
			target = 8B37DC9B2C6CDD7D00824B46 /* END-iOS */;
			targetProxy = 8B37DCBD2C6CDD7E00824B46 /* PBXContainerItemProxy */;
		};
/* End PBXTargetDependency section */

/* Begin PBXVariantGroup section */
		8B37DCAA2C6CDD7E00824B46 /* LaunchScreen.storyboard */ = {
			isa = PBXVariantGroup;
			children = (
				8B37DCAB2C6CDD7E00824B46 /* Base */,
			);
			name = LaunchScreen.storyboard;
			sourceTree = "<group>";
		};
/* End PBXVariantGroup section */

/* Begin XCBuildConfiguration section */
		8B37DCC42C6CDD7E00824B46 /* Debug */ = {
			isa = XCBuildConfiguration;
			buildSettings = {
				ALWAYS_SEARCH_USER_PATHS = NO;
				ASSETCATALOG_COMPILER_GENERATE_SWIFT_ASSET_SYMBOL_EXTENSIONS = YES;
				CLANG_ANALYZER_NONNULL = YES;
				CLANG_ANALYZER_NUMBER_OBJECT_CONVERSION = YES_AGGRESSIVE;
				CLANG_CXX_LANGUAGE_STANDARD = "gnu++20";
				CLANG_ENABLE_MODULES = YES;
				CLANG_ENABLE_OBJC_ARC = YES;
				CLANG_ENABLE_OBJC_WEAK = YES;
				CLANG_WARN_BLOCK_CAPTURE_AUTORELEASING = YES;
				CLANG_WARN_BOOL_CONVERSION = YES;
				CLANG_WARN_COMMA = YES;
				CLANG_WARN_CONSTANT_CONVERSION = YES;
				CLANG_WARN_DEPRECATED_OBJC_IMPLEMENTATIONS = YES;
				CLANG_WARN_DIRECT_OBJC_ISA_USAGE = YES_ERROR;
				CLANG_WARN_DOCUMENTATION_COMMENTS = YES;
				CLANG_WARN_EMPTY_BODY = YES;
				CLANG_WARN_ENUM_CONVERSION = YES;
				CLANG_WARN_INFINITE_RECURSION = YES;
				CLANG_WARN_INT_CONVERSION = YES;
				CLANG_WARN_NON_LITERAL_NULL_CONVERSION = YES;
				CLANG_WARN_OBJC_IMPLICIT_RETAIN_SELF = YES;
				CLANG_WARN_OBJC_LITERAL_CONVERSION = YES;
				CLANG_WARN_OBJC_ROOT_CLASS = YES_ERROR;
				CLANG_WARN_QUOTED_INCLUDE_IN_FRAMEWORK_HEADER = YES;
				CLANG_WARN_RANGE_LOOP_ANALYSIS = YES;
				CLANG_WARN_STRICT_PROTOTYPES = YES;
				CLANG_WARN_SUSPICIOUS_MOVE = YES;
				CLANG_WARN_UNGUARDED_AVAILABILITY = YES_AGGRESSIVE;
				CLANG_WARN_UNREACHABLE_CODE = YES;
				CLANG_WARN__DUPLICATE_METHOD_MATCH = YES;
				COPY_PHASE_STRIP = NO;
				DEBUG_INFORMATION_FORMAT = dwarf;
				ENABLE_STRICT_OBJC_MSGSEND = YES;
				ENABLE_TESTABILITY = YES;
				ENABLE_USER_SCRIPT_SANDBOXING = YES;
				GCC_C_LANGUAGE_STANDARD = gnu17;
				GCC_DYNAMIC_NO_PIC = NO;
				GCC_NO_COMMON_BLOCKS = YES;
				GCC_OPTIMIZATION_LEVEL = 0;
				GCC_PREPROCESSOR_DEFINITIONS = (
					"DEBUG=1",
					"$(inherited)",
				);
				GCC_WARN_64_TO_32_BIT_CONVERSION = YES;
				GCC_WARN_ABOUT_RETURN_TYPE = YES_ERROR;
				GCC_WARN_UNDECLARED_SELECTOR = YES;
				GCC_WARN_UNINITIALIZED_AUTOS = YES_AGGRESSIVE;
				GCC_WARN_UNUSED_FUNCTION = YES;
				GCC_WARN_UNUSED_VARIABLE = YES;
				IPHONEOS_DEPLOYMENT_TARGET = 17.0;
				LOCALIZATION_PREFERS_STRING_CATALOGS = YES;
				MTL_ENABLE_DEBUG_INFO = INCLUDE_SOURCE;
				MTL_FAST_MATH = YES;
				ONLY_ACTIVE_ARCH = YES;
				SDKROOT = iphoneos;
				SWIFT_ACTIVE_COMPILATION_CONDITIONS = "DEBUG $(inherited)";
				SWIFT_OPTIMIZATION_LEVEL = "-Onone";
			};
			name = Debug;
		};
		8B37DCC52C6CDD7E00824B46 /* Release */ = {
			isa = XCBuildConfiguration;
			buildSettings = {
				ALWAYS_SEARCH_USER_PATHS = NO;
				ASSETCATALOG_COMPILER_GENERATE_SWIFT_ASSET_SYMBOL_EXTENSIONS = YES;
				CLANG_ANALYZER_NONNULL = YES;
				CLANG_ANALYZER_NUMBER_OBJECT_CONVERSION = YES_AGGRESSIVE;
				CLANG_CXX_LANGUAGE_STANDARD = "gnu++20";
				CLANG_ENABLE_MODULES = YES;
				CLANG_ENABLE_OBJC_ARC = YES;
				CLANG_ENABLE_OBJC_WEAK = YES;
				CLANG_WARN_BLOCK_CAPTURE_AUTORELEASING = YES;
				CLANG_WARN_BOOL_CONVERSION = YES;
				CLANG_WARN_COMMA = YES;
				CLANG_WARN_CONSTANT_CONVERSION = YES;
				CLANG_WARN_DEPRECATED_OBJC_IMPLEMENTATIONS = YES;
				CLANG_WARN_DIRECT_OBJC_ISA_USAGE = YES_ERROR;
				CLANG_WARN_DOCUMENTATION_COMMENTS = YES;
				CLANG_WARN_EMPTY_BODY = YES;
				CLANG_WARN_ENUM_CONVERSION = YES;
				CLANG_WARN_INFINITE_RECURSION = YES;
				CLANG_WARN_INT_CONVERSION = YES;
				CLANG_WARN_NON_LITERAL_NULL_CONVERSION = YES;
				CLANG_WARN_OBJC_IMPLICIT_RETAIN_SELF = YES;
				CLANG_WARN_OBJC_LITERAL_CONVERSION = YES;
				CLANG_WARN_OBJC_ROOT_CLASS = YES_ERROR;
				CLANG_WARN_QUOTED_INCLUDE_IN_FRAMEWORK_HEADER = YES;
				CLANG_WARN_RANGE_LOOP_ANALYSIS = YES;
				CLANG_WARN_STRICT_PROTOTYPES = YES;
				CLANG_WARN_SUSPICIOUS_MOVE = YES;
				CLANG_WARN_UNGUARDED_AVAILABILITY = YES_AGGRESSIVE;
				CLANG_WARN_UNREACHABLE_CODE = YES;
				CLANG_WARN__DUPLICATE_METHOD_MATCH = YES;
				COPY_PHASE_STRIP = NO;
				DEBUG_INFORMATION_FORMAT = "dwarf-with-dsym";
				ENABLE_NS_ASSERTIONS = NO;
				ENABLE_STRICT_OBJC_MSGSEND = YES;
				ENABLE_USER_SCRIPT_SANDBOXING = YES;
				GCC_C_LANGUAGE_STANDARD = gnu17;
				GCC_NO_COMMON_BLOCKS = YES;
				GCC_WARN_64_TO_32_BIT_CONVERSION = YES;
				GCC_WARN_ABOUT_RETURN_TYPE = YES_ERROR;
				GCC_WARN_UNDECLARED_SELECTOR = YES;
				GCC_WARN_UNINITIALIZED_AUTOS = YES_AGGRESSIVE;
				GCC_WARN_UNUSED_FUNCTION = YES;
				GCC_WARN_UNUSED_VARIABLE = YES;
				IPHONEOS_DEPLOYMENT_TARGET = 17.0;
				LOCALIZATION_PREFERS_STRING_CATALOGS = YES;
				MTL_ENABLE_DEBUG_INFO = NO;
				MTL_FAST_MATH = YES;
				SDKROOT = iphoneos;
				SWIFT_COMPILATION_MODE = wholemodule;
				VALIDATE_PRODUCT = YES;
			};
			name = Release;
		};
		8B37DCC72C6CDD7E00824B46 /* Debug */ = {
			isa = XCBuildConfiguration;
			buildSettings = {
				ASSETCATALOG_COMPILER_APPICON_NAME = AppIcon;
				ASSETCATALOG_COMPILER_GLOBAL_ACCENT_COLOR_NAME = AccentColor;
				CODE_SIGN_STYLE = Automatic;
				CURRENT_PROJECT_VERSION = 1;
				DEVELOPMENT_TEAM = 77324YP468;
				GENERATE_INFOPLIST_FILE = YES;
				INFOPLIST_FILE = "END-iOS/Info.plist";
				INFOPLIST_KEY_UIApplicationSupportsIndirectInputEvents = YES;
				INFOPLIST_KEY_UILaunchStoryboardName = LaunchScreen;
				INFOPLIST_KEY_UIMainStoryboardFile = "";
				INFOPLIST_KEY_UISupportedInterfaceOrientations_iPad = "UIInterfaceOrientationPortrait UIInterfaceOrientationPortraitUpsideDown UIInterfaceOrientationLandscapeLeft UIInterfaceOrientationLandscapeRight";
				INFOPLIST_KEY_UISupportedInterfaceOrientations_iPhone = "UIInterfaceOrientationPortrait UIInterfaceOrientationLandscapeLeft UIInterfaceOrientationLandscapeRight";
				LD_RUNPATH_SEARCH_PATHS = (
					"$(inherited)",
					"@executable_path/Frameworks",
				);
				MARKETING_VERSION = 1.0;
				PRODUCT_BUNDLE_IDENTIFIER = "Tak.END-iOS";
				PRODUCT_NAME = "$(TARGET_NAME)";
				SWIFT_EMIT_LOC_STRINGS = YES;
				SWIFT_VERSION = 5.0;
				TARGETED_DEVICE_FAMILY = "1,2";
			};
			name = Debug;
		};
		8B37DCC82C6CDD7E00824B46 /* Release */ = {
			isa = XCBuildConfiguration;
			buildSettings = {
				ASSETCATALOG_COMPILER_APPICON_NAME = AppIcon;
				ASSETCATALOG_COMPILER_GLOBAL_ACCENT_COLOR_NAME = AccentColor;
				CODE_SIGN_STYLE = Automatic;
				CURRENT_PROJECT_VERSION = 1;
				DEVELOPMENT_TEAM = 77324YP468;
				GENERATE_INFOPLIST_FILE = YES;
				INFOPLIST_FILE = "END-iOS/Info.plist";
				INFOPLIST_KEY_UIApplicationSupportsIndirectInputEvents = YES;
				INFOPLIST_KEY_UILaunchStoryboardName = LaunchScreen;
				INFOPLIST_KEY_UIMainStoryboardFile = "";
				INFOPLIST_KEY_UISupportedInterfaceOrientations_iPad = "UIInterfaceOrientationPortrait UIInterfaceOrientationPortraitUpsideDown UIInterfaceOrientationLandscapeLeft UIInterfaceOrientationLandscapeRight";
				INFOPLIST_KEY_UISupportedInterfaceOrientations_iPhone = "UIInterfaceOrientationPortrait UIInterfaceOrientationLandscapeLeft UIInterfaceOrientationLandscapeRight";
				LD_RUNPATH_SEARCH_PATHS = (
					"$(inherited)",
					"@executable_path/Frameworks",
				);
				MARKETING_VERSION = 1.0;
				PRODUCT_BUNDLE_IDENTIFIER = "Tak.END-iOS";
				PRODUCT_NAME = "$(TARGET_NAME)";
				SWIFT_EMIT_LOC_STRINGS = YES;
				SWIFT_VERSION = 5.0;
				TARGETED_DEVICE_FAMILY = "1,2";
			};
			name = Release;
		};
		8B37DCCA2C6CDD7E00824B46 /* Debug */ = {
			isa = XCBuildConfiguration;
			buildSettings = {
				ALWAYS_EMBED_SWIFT_STANDARD_LIBRARIES = YES;
				BUNDLE_LOADER = "$(TEST_HOST)";
				CODE_SIGN_STYLE = Automatic;
				CURRENT_PROJECT_VERSION = 1;
				DEVELOPMENT_TEAM = 77324YP468;
				GENERATE_INFOPLIST_FILE = YES;
				IPHONEOS_DEPLOYMENT_TARGET = 17.0;
				MARKETING_VERSION = 1.0;
				PRODUCT_BUNDLE_IDENTIFIER = "Tak.END-iOSTests";
				PRODUCT_NAME = "$(TARGET_NAME)";
				SWIFT_EMIT_LOC_STRINGS = NO;
				SWIFT_VERSION = 5.0;
				TARGETED_DEVICE_FAMILY = "1,2";
				TEST_HOST = "$(BUILT_PRODUCTS_DIR)/END-iOS.app/$(BUNDLE_EXECUTABLE_FOLDER_PATH)/END-iOS";
			};
			name = Debug;
		};
		8B37DCCB2C6CDD7E00824B46 /* Release */ = {
			isa = XCBuildConfiguration;
			buildSettings = {
				ALWAYS_EMBED_SWIFT_STANDARD_LIBRARIES = YES;
				BUNDLE_LOADER = "$(TEST_HOST)";
				CODE_SIGN_STYLE = Automatic;
				CURRENT_PROJECT_VERSION = 1;
				DEVELOPMENT_TEAM = 77324YP468;
				GENERATE_INFOPLIST_FILE = YES;
				IPHONEOS_DEPLOYMENT_TARGET = 17.0;
				MARKETING_VERSION = 1.0;
				PRODUCT_BUNDLE_IDENTIFIER = "Tak.END-iOSTests";
				PRODUCT_NAME = "$(TARGET_NAME)";
				SWIFT_EMIT_LOC_STRINGS = NO;
				SWIFT_VERSION = 5.0;
				TARGETED_DEVICE_FAMILY = "1,2";
				TEST_HOST = "$(BUILT_PRODUCTS_DIR)/END-iOS.app/$(BUNDLE_EXECUTABLE_FOLDER_PATH)/END-iOS";
			};
			name = Release;
		};
		8B37DCCD2C6CDD7E00824B46 /* Debug */ = {
			isa = XCBuildConfiguration;
			buildSettings = {
				ALWAYS_EMBED_SWIFT_STANDARD_LIBRARIES = YES;
				CODE_SIGN_STYLE = Automatic;
				CURRENT_PROJECT_VERSION = 1;
				DEVELOPMENT_TEAM = 77324YP468;
				GENERATE_INFOPLIST_FILE = YES;
				MARKETING_VERSION = 1.0;
				PRODUCT_BUNDLE_IDENTIFIER = "Tak.END-iOSUITests";
				PRODUCT_NAME = "$(TARGET_NAME)";
				SWIFT_EMIT_LOC_STRINGS = NO;
				SWIFT_VERSION = 5.0;
				TARGETED_DEVICE_FAMILY = "1,2";
				TEST_TARGET_NAME = "END-iOS";
			};
			name = Debug;
		};
		8B37DCCE2C6CDD7E00824B46 /* Release */ = {
			isa = XCBuildConfiguration;
			buildSettings = {
				ALWAYS_EMBED_SWIFT_STANDARD_LIBRARIES = YES;
				CODE_SIGN_STYLE = Automatic;
				CURRENT_PROJECT_VERSION = 1;
				DEVELOPMENT_TEAM = 77324YP468;
				GENERATE_INFOPLIST_FILE = YES;
				MARKETING_VERSION = 1.0;
				PRODUCT_BUNDLE_IDENTIFIER = "Tak.END-iOSUITests";
				PRODUCT_NAME = "$(TARGET_NAME)";
				SWIFT_EMIT_LOC_STRINGS = NO;
				SWIFT_VERSION = 5.0;
				TARGETED_DEVICE_FAMILY = "1,2";
				TEST_TARGET_NAME = "END-iOS";
			};
			name = Release;
		};
/* End XCBuildConfiguration section */

/* Begin XCConfigurationList section */
		8B37DC972C6CDD7D00824B46 /* Build configuration list for PBXProject "END-iOS" */ = {
			isa = XCConfigurationList;
			buildConfigurations = (
				8B37DCC42C6CDD7E00824B46 /* Debug */,
				8B37DCC52C6CDD7E00824B46 /* Release */,
			);
			defaultConfigurationIsVisible = 0;
			defaultConfigurationName = Release;
		};
		8B37DCC62C6CDD7E00824B46 /* Build configuration list for PBXNativeTarget "END-iOS" */ = {
			isa = XCConfigurationList;
			buildConfigurations = (
				8B37DCC72C6CDD7E00824B46 /* Debug */,
				8B37DCC82C6CDD7E00824B46 /* Release */,
			);
			defaultConfigurationIsVisible = 0;
			defaultConfigurationName = Release;
		};
		8B37DCC92C6CDD7E00824B46 /* Build configuration list for PBXNativeTarget "END-iOSTests" */ = {
			isa = XCConfigurationList;
			buildConfigurations = (
				8B37DCCA2C6CDD7E00824B46 /* Debug */,
				8B37DCCB2C6CDD7E00824B46 /* Release */,
			);
			defaultConfigurationIsVisible = 0;
			defaultConfigurationName = Release;
		};
		8B37DCCC2C6CDD7E00824B46 /* Build configuration list for PBXNativeTarget "END-iOSUITests" */ = {
			isa = XCConfigurationList;
			buildConfigurations = (
				8B37DCCD2C6CDD7E00824B46 /* Debug */,
				8B37DCCE2C6CDD7E00824B46 /* Release */,
			);
			defaultConfigurationIsVisible = 0;
			defaultConfigurationName = Release;
		};
/* End XCConfigurationList section */

/* Begin XCSwiftPackageProductDependency section */
		8BE06EF42C6D3EEB00FA1D07 /* CoreFeatureLayerPresentationHelpers */ = {
			isa = XCSwiftPackageProductDependency;
			productName = CoreFeatureLayerPresentationHelpers;
		};
		8BE06EF62C6D3EEB00FA1D07 /* CoreFoundational */ = {
			isa = XCSwiftPackageProductDependency;
			productName = CoreFoundational;
		};
		8BE06EF82C6D3EEB00FA1D07 /* CorePresentation */ = {
			isa = XCSwiftPackageProductDependency;
			productName = CorePresentation;
		};
		8BE06EFA2C6D3EEB00FA1D07 /* CoreUIKit */ = {
			isa = XCSwiftPackageProductDependency;
			productName = CoreUIKit;
		};
		8BE06EFC2C6D3EEB00FA1D07 /* ENDListingsFeature */ = {
			isa = XCSwiftPackageProductDependency;
			productName = ENDListingsFeature;
		};
		8BE06F052C6D40B100FA1D07 /* CoreENDSharedModels */ = {
			isa = XCSwiftPackageProductDependency;
			productName = CoreENDSharedModels;
		};
/* End XCSwiftPackageProductDependency section */
	};
	rootObject = 8B37DC942C6CDD7D00824B46 /* Project object */;
}
